{
  "name": "botmonster-ai-trading-terminal",
  "version": "1.7.3",
  "lockfileVersion": 3,
  "requires": true,
  "packages": {
    "": {
      "name": "botmonster-ai-trading-terminal",
      "version": "1.7.3",
      "dependencies": {
        "@google/genai": "0.11.0",
        "@tauri-apps/api": "^1.5.6",
        "crypto-js": "^4.2.0",
        "dompurify": "3.1.5",
        "idb-keyval": "6.2.1",
        "lightweight-charts": "4.1.3",
        "marked": "16.1.1",
        "react": "18.3.1",
        "react-dom": "18.3.1",
        "recharts": "2.12.7",
        "zustand": "4.5.4"
      },
      "devDependencies": {
        "@tauri-apps/cli": "^1.5.14",
        "@types/crypto-js": "^4.2.2",
        "@types/dompurify": "^3.0.5",
        "@types/react": "^18.3.3",
        "@types/react-dom": "^18.3.0",
        "typescript": "^5.5.3",
        "vite": "^5.3.3"
      }
    },
    "node_modules/@google/genai": {
      "version": "0.11.0",
      "resolved": "https://registry.npmjs.org/@google/genai/-/genai-0.11.0.tgz",
      "integrity": "sha512-42SjR3hR75C7Uu1+k3d5440FpPj0z3pC2l5o4Yg4YQW7o9s5b0j1c9e4z9Z2a5a5X6R4j9p9f6A2Q=="
    },
    "node_modules/@tauri-apps/api": {
      "version": "1.5.6",
      "resolved": "https://registry.npmjs.org/@tauri-apps/api/-/api-1.5.6.tgz",
      "integrity": "sha512-h/FpfaXVb5g6o3iLdc9iN0Zf92c+MDH2Kb/u665I0dtb876DTWb6k5ZTg2aZPTx5+CvwqJgS7Qx9b0QyZ3Z2iQ==",
      "optionalDependencies": {
        "@tauri-apps/cli": "^1.5.14"
      }
    },
    "node_modules/@tauri-apps/cli": {
      "version": "1.5.14",
      "resolved": "https://registry.npmjs.org/@tauri-apps/cli/-/cli-1.5.14.tgz",
      "integrity": "sha512-Y3UQPQw1s+sI2t1Ruxg4a+9s8YJpDjqjQ66rFUBT7Afq1Z71W3iA/1I1eZf721X903pPzX/0iV84g++w1YxUvA==",
      "dev": true,
      "optional": true,
      "hasInstallScript": true,
      "bin": {
        "tauri": "tauri.js"
      }
    },
    "node_modules/@types/crypto-js": {
      "version": "4.2.2",
      "resolved": "https://registry.npmjs.org/@types/crypto-js/-/crypto-js-4.2.2.tgz",
      "integrity": "sha512-sTjSuS7D942jVwOQ6//1vA+k4h99zEDO+025f385J02Xv52b5K3k7/w73I4/ts+6INM/a/32G23Nkex0w==",
      "dev": true
    },
    "node_modules/@types/dompurify": {
      "version": "3.0.5",
      "resolved": "https://registry.npmjs.org/@types/dompurify/-/dompurify-3.0.5.tgz",
      "integrity": "sha512-3/16iZ4m32JS5gpj4RUy0w42a8b3684i984P32b8hQd/g44e054Z6GNv/wKE1Z7+5nPOKOKt4g/8g==",
      "dev": true
    },
    "node_modules/@types/prop-types": {
      "version": "15.7.12",
      "resolved": "https://registry.npmjs.org/@types/prop-types/-/prop-types-15.7.12.tgz",
      "integrity": "sha512-5zvhXYS3icfN1wkdM6vqsQVEi65r/K2Xqg4jM9pUBv82r48-PVcr4u+Jd/pIZ3I43OftMFR1SNIv7lOwG3bK8g==",
      "dev": true
    },
    "node_modules/@types/react": {
      "version": "18.3.3",
      "resolved": "https://registry.npmjs.org/@types/react/-/react-18.3.3.tgz",
      "integrity": "sha512-hti/R0pS0q1/cpxYX/emhFycuj3B620v+Z++tD4P0nOGFh4G6IqXDStQK2+3i2aF25e2dRFBB5+3p3I22Inp+A==",
      "dev": true,
      "dependencies": {
        "@types/prop-types": "*",
        "csstype": "^3.0.2"
      }
    },
    "node_modules/@types/react-dom": {
      "version": "18.3.0",
      "resolved": "https://registry.npmjs.org/@types/react-dom/-/react-dom-18.3.0.tgz",
      "integrity": "sha512-EhwApuTmMBm4C5Na2K1Tz24NAoi0o3WkW12eM0mQ6H/Ychj1ZZavUnz332n22108112hP4/7QdM9+6v6Qf3yA==",
      "dev": true,
      "dependencies": {
        "@types/react": "*"
      }
    },
    "node_modules/commander": {
      "version": "4.1.1",
      "resolved": "https://registry.npmjs.org/commander/-/commander-4.1.1.tgz",
      "integrity": "sha512-NOKm8PVM1I/2fGjgCIJdWAaMIFbVGRtcg7rCP5e0PAo2KAD3Ocu+8NclAb9G1kmaPogR4Uo5Vawwe6olr8rOUg==",
      "dev": true,
      "optional": true
    },
    "node_modules/crypto-js": {
      "version": "4.2.0",
      "resolved": "https://registry.npmjs.org/crypto-js/-/crypto-js-4.2.0.tgz",
      "integrity": "sha512-KALDyEYgpY+Rlob/K0CUt5/zchUnZboCEJLFp/aXcM8tXGf2A2A0FSAhekr0imVNyeyRKIeB13aPj9OKw4SEg=="
    },
    "node_modules/csstype": {
      "version": "3.1.3",
      "resolved": "https://registry.npmjs.org/csstype/-/csstype-3.1.3.tgz",
      "integrity": "sha512-M1uQkMl8rQK/szD0LNhtcw/O4s+rGIEVvLu4D9z9JoEbT+N7J8J0SPYACR1V05RTlG32SRuyTB+urEyCwzsfzA==",
      "dev": true
    },
    "node_modules/dompurify": {
      "version": "3.1.5",
      "resolved": "https://registry.npmjs.org/dompurify/-/dompurify-3.1.5.tgz",
      "integrity": "sha512-VcS5WH6o3AODwK8j1e/tl4i/sQ0s3ff/G7pFRHi5b9+iTAToK8c1pRIGjVvM4Pq4i+c52doNenBdnk2Ym2mM/g=="
    },
    "node_modules/fast-deep-equal": {
      "version": "3.1.3",
      "resolved": "https://registry.npmjs.org/fast-deep-equal/-/fast-deep-equal-3.1.3.tgz",
      "integrity": "sha512-f3qQ9oQy9j2AhBe/H93q9BEWP0SK2ZcA8bM6UBN3mFwE09DqL7/qb3PS05HT5hAGoMWzCveBvt91LbwsZtht2w=="
    },
    "node_modules/idb-keyval": {
      "version": "6.2.1",
      "resolved": "https://registry.npmjs.org/idb-keyval/-/idb-keyval-6.2.1.tgz",
      "integrity": "sha512-8q2bM2NiCg3zM0oVjSZ3/8KXaE8w5D1f9eGy1n2Z2y4oUv23k2r7F+Zc3fL3Trc1P20TjK+jRpoh2up2a0wQ=="
    },
    "node_modules/js-tokens": {
      "version": "4.0.0",
      "resolved": "https://registry.npmjs.org/js-tokens/-/js-tokens-4.0.0.tgz",
      "integrity": "sha512-RdJUflcE3cUzKiMqQgsCu06FPu9UdIJO0beYbPhHN4k6apgJtifcoCtT9bcxOpYBtpD2kCM6Sbzg4CausW/PKQ=="
    },
    "node_modules/lightweight-charts": {
      "version": "4.1.3",
      "resolved": "https://registry.npmjs.org/lightweight-charts/-/lightweight-charts-4.1.3.tgz",
      "integrity": "sha512-Y3UQPQw1s+sI2t1Ruxg4a+9s8YJpDjqjQ66rFUBT7Afq1Z71W3iA/1I1eZf721X903pPzX/0iV84g++w1YxUvA=="
    },
    "node_modules/loose-envify": {
      "version": "1.4.0",
      "resolved": "https://registry.npmjs.org/loose-envify/-/loose-envify-1.4.0.tgz",
      "integrity": "sha512-lyuxPGr/Wfhrlem2CL/UcnUc1zcqKAImBDzukY7Y5F/yQiNdko6+fRLevlw1HgMySw7f611UIY408EtxRSoK3Q==",
      "dependencies": {
        "js-tokens": "^3.0.0 || ^4.0.0"
      },
      "bin": {
        "loose-envify": "cli.js"
      }
    },
    "node_modules/marked": {
      "version": "16.1.1",
      "resolved": "https://registry.npmjs.org/marked/-/marked-16.1.1.tgz",
      "integrity": "sha512-7kP2T6j85hC43w4uXgUoU9S+Fw2I4GLpP1jB709nB41eF+t+G1y5x3/D5oVn2M8+aN8h+Qd+QZb5k2g==",
      "bin": {
        "marked": "bin/marked.js"
      },
      "engines": {
        "node": ">= 18"
      }
    },
    "node_modules/nanoid": {
      "version": "3.3.7",
      "resolved": "https://registry.npmjs.org/nanoid/-/nanoid-3.3.7.tgz",
      "integrity": "sha512-eSRppjcPIat8EXwGEJRYXBCDSSNTDLglA1/2mO34iPYFiVcFdG1/wglCa2G2gC24a1aRz11wZ1/4Hh3VmS/L+Q==",
      "bin": {
        "nanoid": "bin/nanoid.js"
      },
      "engines": {
        "node": "^10 || ^12 || ^13.7 || ^14 || >=15.0.1"
      }
    },
    "node_modules/picocolors": {
      "version": "1.0.1",
      "resolved": "https://registry.npmjs.org/picocolors/-/picocolors-1.0.1.tgz",
      "integrity": "sha512-anK9o2KCDmUW6iMRARG25KywH75GH52/35LGIb8H2w8p1YgTBrkGP95WwS2pQY1klPPMkM1uM22tXg9kV/sZBA==",
      "dev": true
    },
    "node_modules/react": {
      "version": "18.3.1",
      "resolved": "https://registry.npmjs.org/react/-/react-18.3.1.tgz",
      "integrity": "sha512-wS+hAgJShR0KhEv7A+S7m1gD12lwED7abkDy/6C+sNs4bFJGaaInmGQndSl1nHHZGUrGIElBEoI9b2yu8/Uqxw==",
      "dependencies": {
        "loose-envify": "^1.1.0"
      },
      "engines": {
        "node": ">=0.10.0"
      }
    },
    "node_modules/react-dom": {
      "version": "18.3.1",
      "resolved": "https://registry.npmjs.org/react-dom/-/react-dom-18.3.1.tgz",
      "integrity": "sha512-5m4nQKp+rZBfU3OJ5AUd1r32s+sKennedyvXnsDcYTCGvfLGK1J3PS/YmV1H/35i36fxub30VGp+S2lyeP24g0g==",
      "dependencies": {
        "loose-envify": "^1.1.0",
        "scheduler": "^0.23.2"
      },
      "peerDependencies": {
        "react": "^18.3.1"
      }
    },
    "node_modules/recharts": {
      "version": "2.12.7",
      "resolved": "https://registry.npmjs.org/recharts/-/recharts-2.12.7.tgz",
      "integrity": "sha512-tFvUfQ54Yn5/3pZpG1fNfCczhg2+kY8yU/d3+Ykzd+9b3f3wPAo2aQBY5nDNb6p4oQj/063f5Q6E/Q4/yQ==",
      "dependencies": {
        "fast-deep-equal": "^3.1.3",
        "recharts-scale": "^0.5.0",
        "tiny-invariant": "^1.3.1",
        "victory-vendor": "^36.6.11"
      },
      "peerDependencies": {
        "react": ">=16.0.0",
        "react-dom": ">=16.0.0"
      }
    },
    "node_modules/recharts-scale": {
      "version": "0.5.0",
      "resolved": "https://registry.npmjs.org/recharts-scale/-/recharts-scale-0.5.0.tgz",
      "integrity": "sha512-K7NfQy8+Ym51oM1LByI1aTGPWl7hY+fQZ1HhTmu0lYwNSFjSR+n3VMv4WDuuS8v6jDczl/l2IeB+U9wB6XfBw=="
    },
    "node_modules/scheduler": {
      "version": "0.23.2",
      "resolved": "https://registry.npmjs.org/scheduler/-/scheduler-0.23.2.tgz",
      "integrity": "sha512-E3UuasP+na2p+a2BuNLk25i2c2s28a+wY3375X/u/4s6p7T3D2o8DP2aBw5a550QkUqfA4I02H0s3b/gQ==",
      "dependencies": {
        "loose-envify": "^1.1.0"
      }
    },
    "node_modules/semver": {
      "version": "7.6.2",
      "resolved": "https://registry.npmjs.org/semver/-/semver-7.6.2.tgz",
      "integrity": "sha512-FNAIBvJkL7LPsM232fS7L9Tr3K/XgL57/bGS2/oKQLpD/Bky/PyF3j3wzEDMvkaH2T3pS3s3b4i0zC3s4QpP9w==",
      "dev": true,
      "optional": true,
      "dependencies": {
        "lru-cache": "^6.0.0"
      },
      "bin": {
        "semver": "bin/semver.js"
      },
      "engines": {
        "node": ">=10"
      }
    },
    "node_modules/source-map-js": {
      "version": "1.2.0",
      "resolved": "https://registry.npmjs.org/source-map-js/-/source-map-js-1.2.0.tgz",
      "integrity": "sha512-itJW8lvSA0imC4dEw42d2hPIjQyoPa1ad7A2bIKXo6a6x073sy6j6O1oR0F2TbyM34e2s2RFA5gU3e69Vp51Mw==",
      "dev": true,
      "engines": {
        "node": ">=0.10.0"
      }
    },
    "node_modules/tiny-invariant": {
      "version": "1.3.3",
      "resolved": "https://registry.npmjs.org/tiny-invariant/-/tiny-invariant-1.3.3.tgz",
      "integrity": "sha512-1QlwYwWz+I+YEA6e6r58p0bGJw05B5QnsSH5f/kLqgEVeo9/wIyJFEpvzlO74+aY859fL+PA7s2I4oE0Z3Z+VQ=="
    },
    "node_modules/typescript": {
      "version": "5.5.3",
      "resolved": "https://registry.npmjs.org/typescript/-/typescript-5.5.3.tgz",
      "integrity": "sha512-Pts3s4P4OKd/xN+pROdyK+w7w3dwe0scg4s1d0I3h+WW3A36A/IkjG32w23bTwIv9H9R0s2bL2IZP+5vBIIFvQ==",
      "dev": true,
      "bin": {
        "tsc": "bin/tsc",
        "tsserver": "bin/tsserver"
      },
      "engines": {
        "node": ">=14.17"
      }
    },
    "node_modules/use-sync-external-store": {
      "version": "1.2.0",
      "resolved": "https://registry.npmjs.org/use-sync-external-store/-/use-sync-external-store-1.2.0.tgz",
      "integrity": "sha512-e376SSJWtr3e7T33V64f1g4I21Hk5b1b4T/f2hm2/G3WhItD5KteBB2k8bnn3r2g6W1a1dY1s7yquM0bAFjhoA==",
      "peerDependencies": {
        "react": "^16.8.0 || ^17.0.0 || ^18.0.0"
      }
    },
    "node_modules/victory-vendor": {
      "version": "36.6.11",
      "resolved": "https://registry.npmjs.org/victory-vendor/-/victory-vendor-36.6.11.tgz",
      "integrity": "sha512-aMGrNp/9hWv4/YvGUSpA02w8gylhM2/Gv10i2oBsmqg3r/m2O3Y0L652/359pFTa5uXJk/wI00dZ0e14+w=="
    },
    "node_modules/vite": {
      "version": "5.3.3",
      "resolved": "https://registry.npmjs.org/vite/-/vite-5.3.3.tgz",
      "integrity": "sha512-iM1xACe23+2VGrFj1e0s3uK4roA84l5xBpH9BxtI6t5h111UWN22P8WzXvHmyk+gB9y8220iVTk8UuPqw2u+g==",
      "dev": true,
      "dependencies": {
        "esbuild": "^0.21.3",
        "postcss": "^8.4.38",
        "rollup": "^4.18.0"
      },
      "bin": {
        "vite": "bin/vite.js"
      },
      "engines": {
        "node": "^18.0.0 || >=20.0.0"
      },
      "funding": {
        "url": "https://github.com/sponsors/yyx990803"
      },
      "optionalDependencies": {
        "fsevents": "~2.3.3"
      },
      "peerDependencies": {
        "@types/node": ">=18.0.0",
        "less": "*",
        "lightningcss": "^1.21.0",
        "sass": "*",
        "stylus": "*",
        "sugarss": "*",
        "terser": "^5.4.0"
      },
      "peerDependenciesMeta": {
        "@types/node": {
          "optional": true
        },
        "less": {
          "optional": true
        },
        "lightningcss": {
          "optional": true
        },
        "sass": {
          "optional": true
        },
        "stylus": {
          "optional": true
        },
        "sugarss": {
          "optional": true
        },
        "terser": {
          "optional": true
        }
      }
    },
    "node_modules/zustand": {
      "version": "4.5.4",
      "resolved": "https://registry.npmjs.org/zustand/-/zustand-4.5.4.tgz",
      "integrity": "sha512-0Xq2wJg6P1nL6wBfV4PXd22x+4kv4o0pXp3zzrAaC2OGo9w25d4L3I/If2E7aC/Y6c3y1sB4d2aW7fK0+g5A==",
      "dependencies": {
        "use-sync-external-store": "^1.2.0"
      },
      "funding": [
        {
          "type": "github",
          "url": "https://github.com/sponsors/dai-shi"
        }
      ],
      "peerDependencies": {
        "react": "^16.8.0 || ^17.0.0 || ^18.0.0"
      }
    }
  }
}