{
  "name": "botmonster-ai-trading-terminal",
  "version": "2.0.0",
  "lockfileVersion": 3,
  "requires": true,
  "packages": {
    "": {
      "name": "botmonster-ai-trading-terminal",
      "version": "2.0.0",
      "dependencies": {
        "@google/genai": "0.14.0",
        "@tauri-apps/api": "1.6.0",
        "crypto-js": "4.2.0",
        "dompurify": "3.1.5",
        "idb-keyval": "6.2.1",
        "lightweight-charts": "4.1.3",
        "marked": "16.1.1",
        "react": "18.3.1",
        "react-dom": "18.3.1",
        "recharts": "2.12.7",
        "zustand": "4.5.4"
      },
      "devDependencies": {
        "@tauri-apps/cli": "1.6.0",
        "@types/crypto-js": "4.2.2",
        "@types/dompurify": "3.0.5",
        "@types/react": "18.3.3",
        "@types/react-dom": "18.3.0",
        "typescript": "5.5.3",
        "vite": "5.3.3"
      }
    },
    "node_modules/@esbuild/aix-ppc64": {
      "version": "0.21.5",
      "resolved": "https://registry.npmjs.org/@esbuild/aix-ppc64/-/aix-ppc64-0.21.5.tgz",
      "integrity": "sha512-Yc4aM3uLgT1b6Yy1Taq2pFE5sC6G7o5LdwsFv5je4iG23dZThg+h59sL22S2I3p32y5vj22R4m09f9J0Lw==",
      "cpu": [
        "ppc64"
      ],
      "dev": true,
      "optional": true,
      "os": [
        "aix"
      ],
      "engines": {
        "node": ">=12"
      }
    },
    "node_modules/@esbuild/android-arm": {
      "version": "0.21.5",
      "resolved": "https://registry.npmjs.org/@esbuild/android-arm/-/android-arm-0.21.5.tgz",
      "integrity": "sha512-4x39JjJ2fO0BvJcql1f8a846fMwm5mHnsO8U/0/kKbbRbC+oZg2aTBOV52JdG25f1w383Yj+4N/vMy0rGA==",
      "cpu": [
        "arm"
      ],
      "dev": true,
      "optional": true,
      "os": [
        "android"
      ],
      "engines": {
        "node": ">=12"
      }
    },
    "node_modules/@esbuild/android-arm64": {
      "version": "0.21.5",
      "resolved": "https://registry.npmjs.org/@esbuild/android-arm64/-/android-arm64-0.21.5.tgz",
      "integrity": "sha512-1d5mniNn44jPePTK6b7I6+bep7dJgNdU5EsnG6Mh/6e/g7Q3C2K3sOndU/kjtQ6lJc7Q6dYkl2j2r7J2bQ==",
      "cpu": [
        "arm64"
      ],
      "dev": true,
      "optional": true,
      "os": [
        "android"
      ],
      "engines": {
        "node": ">=12"
      }
    },
    "node_modules/@esbuild/android-x64": {
      "version": "0.21.5",
      "resolved": "https://registry.npmjs.org/@esbuild/android-x64/-/android-x64-0.21.5.tgz",
      "integrity": "sha512-g2aX1qQ5tqI2rC7yA9GgHqpI/cR/8F/x0C6A+JspX05YxzyoPZt1o32iFjdV7Y382KGF29W0E9r2oA==",
      "cpu": [
        "x64"
      ],
      "dev": true,
      "optional": true,
      "os": [
        "android"
      ],
      "engines": {
        "node": ">=12"
      }
    },
    "node_modules/@esbuild/darwin-arm64": {
      "version": "0.21.5",
      "resolved": "https://registry.npmjs.org/@esbuild/darwin-arm64/-/darwin-arm64-0.21.5.tgz",
      "integrity": "sha512-q/f0c3a886g5bA9v3XhWSO9u7X5k/vQjX6oW8yTfrP12M9NPK7pB/+47q3L8xFGh12B5Bw+55+5B+g==",
      "cpu": [
        "arm64"
      ],
      "dev": true,
      "optional": true,
      "os": [
        "darwin"
      ],
      "engines": {
        "node": ">=12"
      }
    },
    "node_modules/@esbuild/darwin-x64": {
      "version": "0.21.5",
      "resolved": "https://registry.npmjs.org/@esbuild/darwin-x64/-/darwin-x64-0.21.5.tgz",
      "integrity": "sha512-s9nC34cQ/s4h/jPv9R2vHUpEwD9hYxSj4pZ2hPEXNCdOFx/U8kPBRhQk7HhTnP6BfJ3v25w7oOqfQSAZAg==",
      "cpu": [
        "x64"
      ],
      "dev": true,
      "optional": true,
      "os": [
        "darwin"
      ],
      "engines": {
        "node": ">=12"
      }
    },
    "node_modules/@esbuild/freebsd-arm64": {
      "version": "0.21.5",
      "resolved": "https://registry.npmjs.org/@esbuild/freebsd-arm64/-/freebsd-arm64-0.21.5.tgz",
      "integrity": "sha512-jD96+Wj4+p63yS7lSkh76d9BHyU1YQkK1nFf5AEvVdNhC8QzZg/u3Q86884/rL4d9aI8Hj/Yp2QkPg==",
      "cpu": [
        "arm64"
      ],
      "dev": true,
      "optional": true,
      "os": [
        "freebsd"
      ],
      "engines": {
        "node": ">=12"
      }
    },
    "node_modules/@esbuild/freebsd-x64": {
      "version": "0.21.5",
      "resolved": "https://registry.npmjs.org/@esbuild/freebsd-x64/-/freebsd-x64-0.21.5.tgz",
      "integrity": "sha512-986D0kM3j0+i1x0P4b1hWfL4hR78/yU/oQO7rG/3Vw0s14hM8v5Vz0hS/Y/Jt7Kj1hRzW90a98Dgg==",
      "cpu": [
        "x64"
      ],
      "dev": true,
      "optional": true,
      "os": [
        "freebsd"
      ],
      "engines": {
        "node": ">=12"
      }
    },
    "node_modules/@esbuild/linux-arm": {
      "version": "0.21.5",
      "resolved": "https://registry.npmjs.org/@esbuild/linux-arm/-/linux-arm-0.21.5.tgz",
      "integrity": "sha512-3XnF5+6y5f5S1jCHkY6G8sLhGvVdxtNhs/yXN41aWzP/o3yLh2qJ3rYw4+4N68j+P01Xw9/s5cIuUQ90g==",
      "cpu": [
        "arm"
      ],
      "dev": true,
      "optional": true,
      "os": [
        "linux"
      ],
      "engines": {
        "node": ">=12"
      }
    },
    "node_modules/@esbuild/linux-arm64": {
      "version": "0.21.5",
      "resolved": "https://registry.npmjs.org/@esbuild/linux-arm64/-/linux-arm64-0.21.5.tgz",
      "integrity": "sha512-uG3gP/oR+q8v6pOdUvA+v63k32z2sH/K4XzS+hYn5i8l+aXjRPk51+V/1Gj/fHChOkI4wD58r4ZSQ==",
      "cpu": [
        "arm64"
      ],
      "dev": true,
      "optional": true,
      "os": [
        "linux"
      ],
      "engines": {
        "node": ">=12"
      }
    },
    "node_modules/@esbuild/linux-ia32": {
      "version": "0.21.5",
      "resolved": "https://registry.npmjs.org/@esbuild/linux-ia32/-/linux-ia32-0.21.5.tgz",
      "integrity": "sha512-z/g5w5Oa794M2u4VvCCTM3P/jBSRz2kUjV19YvYj42e8dEx+D0bIG18lPqfL2hS3j4fP/a+y81e4YQ==",
      "cpu": [
        "ia32"
      ],
      "dev": true,
      "optional": true,
      "os": [
        "linux"
      ],
      "engines": {
        "node": ">=12"
      }
    },
    "node_modules/@esbuild/linux-loong64": {
      "version": "0.21.5",
      "resolved": "https://registry.npmjs.org/@esbuild/linux-loong64/-/linux-loong64-0.21.5.tgz",
      "integrity": "sha512-a1gJ28aYq/P+4Tq4Tbnq2E+cAXh3o5Yk+3E/e0Q4Xy4Jz6xYjEnyzM24fT/KkI8d+tJ5mK118nJpA==",
      "cpu": [
        "loong64"
      ],
      "dev": true,
      "optional": true,
      "os": [
        "linux"
      ],
      "engines": {
        "node": ">=12"
      }
    },
    "node_modules/@esbuild/linux-mips64el": {
      "version": "0.21.5",
      "resolved": "https://registry.npmjs.org/@esbuild/linux-mips64el/-/linux-mips64el-0.21.5.tgz",
      "integrity": "sha512-G+lI/s6+b/80JPTtFHy3q1x2H4g1z+1eFKTjyUjDQQH6d2vNf4zJ7u4XqKjW23YV6wL4M52aF3e5aQ==",
      "cpu": [
        "mips64el"
      ],
      "dev": true,
      "optional": true,
      "os": [
        "linux"
      ],
      "engines": {
        "node": ">=12"
      }
    },
    "node_modules/@esbuild/linux-ppc64": {
      "version": "0.21.5",
      "resolved": "https://registry.npmjs.org/@esbuild/linux-ppc64/-/linux-ppc64-0.21.5.tgz",
      "integrity": "sha512-Z54d63tL2A4T+V4XJ90w/59g0oO2K/bQp+K+w4sX2zvi3Wq/eH8gR+2C0x/n8pE4Pz/rCq0j9zM3A==",
      "cpu": [
        "ppc64"
      ],
      "dev": true,
      "optional": true,
      "os": [
        "linux"
      ],
      "engines": {
        "node": ">=12"
      }
    },
    "node_modules/@esbuild/linux-riscv64": {
      "version": "0.21.5",
      "resolved": "https://registry.npmjs.org/@esbuild/linux-riscv64/-/linux-riscv64-0.21.5.tgz",
      "integrity": "sha512-e8mY+jBH6uUCx0h7VbX3K23lTXf2YI1H+n3m9hQh5wW84dI76w2Zk+uE8PZ2o9u/Ld+L5/mQdO6OQ==",
      "cpu": [
        "riscv64"
      ],
      "dev": true,
      "optional": true,
      "os": [
        "linux"
      ],
      "engines": {
        "node": ">=12"
      }
    },
    "node_modules/@esbuild/linux-s390x": {
      "version": "0.21.5",
      "resolved": "https://registry.npmjs.org/@esbuild/linux-s390x/-/linux-s390x-0.21.5.tgz",
      "integrity": "sha512-LNY/YgJc5iCcpzIuT28Y66G3xT2S4sK/K81l/iDGbC/0k5jUqqtk+Y2pIJVxGf/pU4tG5pAlhZ0f6A==",
      "cpu": [
        "s390x"
      ],
      "dev": true,
      "optional": true,
      "os": [
        "linux"
      ],
      "engines": {
        "node": ">=12"
      }
    },
    "node_modules/@esbuild/linux-x64": {
      "version": "0.21.5",
      "resolved": "https://registry.npmjs.org/@esbuild/linux-x64/-/linux-x64-0.21.5.tgz",
      "integrity": "sha512-Kx2n21fTqgUaP4lT+g7a5jOFp0l5W7W5WW9P6tZk4KKd2wtk3GZ7dfl2U7/6VNPW3av4OQv7zH8+Q8eF2w==",
      "cpu": [
        "x64"
      ],
      "dev": true,
      "optional": true,
      "os": [
        "linux"
      ],
      "engines": {
        "node": ">=12"
      }
    },
    "node_modules/@esbuild/netbsd-x64": {
      "version": "0.21.5",
      "resolved": "https://registry.npmjs.org/@esbuild/netbsd-x64/-/netbsd-x64-0.21.5.tgz",
      "integrity": "sha512-hU3kS9xG1/tZz/zH5JBKJ5gZ8Wb4oI+j/2t3pGk6mGtkO6kO2HnI4jWbVztW5nC9+k50P94v2JcOA==",
      "cpu": [
        "x64"
      ],
      "dev": true,
      "optional": true,
      "os": [
        "netbsd"
      ],
      "engines": {
        "node": ">=12"
      }
    },
    "node_modules/@esbuild/openbsd-x64": {
      "version": "0.21.5",
      "resolved": "https://registry.npmjs.org/@esbuild/openbsd-x64/-/openbsd-x64-0.21.5.tgz",
      "integrity": "sha512-5qGvVbTqE4jO23tO/2sD6zE4K5HhT9sTNYa1l2hF33JgV2K+1XkPpxh5A8zBViB/h09dF9Y2g9m/Q==",
      "cpu": [
        "x64"
      ],
      "dev": true,
      "optional": true,
      "os": [
        "openbsd"
      ],
      "engines": {
        "node": ">=12"
      }
    },
    "node_modules/@esbuild/sunos-x64": {
      "version": "0.21.5",
      "resolved": "https://registry.npmjs.org/@esbuild/sunos-x64/-/sunos-x64-0.21.5.tgz",
      "integrity": "sha512-aM4bEw8b3YJ+4QoO0k+m9yQd04VvLdOW3pXgYgT9fs3A/N0yTI2p8jP1+s4vGk2yJkP1mYxGj2E/JA==",
      "cpu": [
        "x64"
      ],
      "dev": true,
      "optional": true,
      "os": [
        "sunos"
      ],
      "engines": {
        "node": ">=12"
      }
    },
    "node_modules/@esbuild/win32-arm64": {
      "version": "0.21.5",
      "resolved": "https://registry.npmjs.org/@esbuild/win32-arm64/-/win32-arm64-0.21.5.tgz",
      "integrity": "sha512-SjM/cKFVVp5n/ixPjPzPSWMWwFpY0DA95UX1K9iN32pBw2r7wTGDkXZvG32DdVYSA8fPjI3X1C8a13w4Tw==",
      "cpu": [
        "arm64"
      ],
      "dev": true,
      "optional": true,
      "os": [
        "win32"
      ],
      "engines": {
        "node": ">=12"
      }
    },
    "node_modules/@esbuild/win32-ia32": {
      "version": "0.21.5",
      "resolved": "https://registry.npmjs.org/@esbuild/win32-ia32/-/win32-ia32-0.21.5.tgz",
      "integrity": "sha512-z/g5w5Oa794M2u4VvCCTM3P/jBSRz2kUjV19YvYj42e8dEx+D0bIG18lPqfL2hS3j4fP/a+y81e4YQ==",
      "cpu": [
        "ia32"
      ],
      "dev": true,
      "optional": true,
      "os": [
        "win32"
      ],
      "engines": {
        "node": ">=12"
      }
    },
    "node_modules/@esbuild/win32-x64": {
      "version": "0.21.5",
      "resolved": "https://registry.npmjs.org/@esbuild/win32-x64/-/win32-x64-0.21.5.tgz",
      "integrity": "sha512-uG/pTMA832+6eA6o2i14u60M1h13A9blbK+lyiSLeJSTbOCJNOyYjFPK/eI6h+VfY/s6DmMKk6F5Q2tJpg==",
      "cpu": [
        "x64"
      ],
      "dev": true,
      "optional": true,
      "os": [
        "win32"
      ],
      "engines": {
        "node": ">=12"
      }
    },
    "node_modules/@google/genai": {
      "version": "0.14.0",
      "resolved": "https://registry.npmjs.org/@google/genai/-/genai-0.14.0.tgz",
      "integrity": "sha512-iJq9o6a/24xdLqDEO7Ipy3B4O3yD8yDqB2RCDQRk9hS2omDpswIqG93A6WxkS+0JzUf5A2i9a/L34Ue3a1fX9A=="
    },
    "node_modules/@rollup/rollup-android-arm-eabi": {
      "version": "4.18.0",
      "resolved": "https://registry.npmjs.org/@rollup/rollup-android-arm-eabi/-/rollup-android-arm-eabi-4.18.0.tgz",
      "integrity": "sha512-Y45P4G3C4GslwWJj1BfP3s2y0aF3c/oVjAbWj3L2gY6C5bOI/g4YhF+w/5lXqP2r8+bL03rX+gO3dg==",
      "cpu": [
        "arm"
      ],
      "dev": true,
      "optional": true,
      "os": [
        "android"
      ],
      "engines": {
        "node": ">=18.0.0"
      }
    },
    "node_modules/@rollup/rollup-android-arm64": {
      "version": "4.18.0",
      "resolved": "https://registry.npmjs.org/@rollup/rollup-android-arm64/-/rollup-android-arm64-4.18.0.tgz",
      "integrity": "sha512-K7n24lA+hT2wB7iT9VMyD157wS9y7A0qI8h9t91BTAwXJbO0jGNR/iKAUwI+zS7MhBv4aGj5+kO6Vw==",
      "cpu": [
        "arm64"
      ],
      "dev": true,
      "optional": true,
      "os": [
        "android"
      ],
      "engines": {
        "node": ">=18.0.0"
      }
    },
    "node_modules/@rollup/rollup-darwin-arm64": {
      "version": "4.18.0",
      "resolved": "https://registry.npmjs.org/@rollup/rollup-darwin-arm64/-/rollup-darwin-arm64-4.18.0.tgz",
      "integrity": "sha512-Z590lCdk9L2Wk5fDA2l+dLYNhW3Y6G2pU/eT1x2oJqRjA9C4/Gq5m8d4yQoP+i36pB95bS+s0kX8Yg==",
      "cpu": [
        "arm64"
      ],
      "dev": true,
      "optional": true,
      "os": [
        "darwin"
      ],
      "engines": {
        "node": ">=18.0.0"
      }
    },
    "node_modules/@rollup/rollup-darwin-x64": {
      "version": "4.18.0",
      "resolved": "https://registry.npmjs.org/@rollup/rollup-darwin-x64/-/rollup-darwin-x64-4.18.0.tgz",
      "integrity": "sha512-Yc4aM3uLgT1b6Yy1Taq2pFE5sC6G7o5LdwsFv5je4iG23dZThg+h59sL22S2I3p32y5vj22R4m09f9J0Lw==",
      "cpu": [
        "x64"
      ],
      "dev": true,
      "optional": true,
      "os": [
        "darwin"
      ],
      "engines": {
        "node": ">=18.0.0"
      }
    },
    "node_modules/@rollup/rollup-freebsd-arm64": {
      "version": "4.18.0",
      "resolved": "https://registry.npmjs.org/@rollup/rollup-freebsd-arm64/-/rollup-freebsd-arm64-4.18.0.tgz",
      "integrity": "sha512-8M74Q6QYd3jQ42bK1Z1X+e3cQn+e22hP4pA2f2lG3D03h3wM4Xf9z8/p0f0b0j4m3o+n/b0x2g==",
      "cpu": [
        "arm64"
      ],
      "dev": true,
      "optional": true,
      "os": [
        "freebsd"
      ],
      "engines": {
        "node": ">=18.0.0"
      }
    },
    "node_modules/@rollup/rollup-freebsd-x64": {
      "version": "4.18.0",
      "resolved": "https://registry.npmjs.org/@rollup/rollup-freebsd-x64/-/rollup-freebsd-x64-4.18.0.tgz",
      "integrity": "sha512-BwMAdY2W6K+5kYkPzU0e4b7/t5A4Lgq6s/Vjq8/1Z/8Tz4s5y8f+c2l9f3o0i6n2c3l1v6+X8f2lQ==",
      "cpu": [
        "x64"
      ],
      "dev": true,
      "optional": true,
      "os": [
        "freebsd"
      ],
      "engines": {
        "node": ">=18.0.0"
      }
    },
    "node_modules/@rollup/rollup-linux-arm-gnueabihf": {
      "version": "4.18.0",
      "resolved": "https://registry.npmjs.org/@rollup/rollup-linux-arm-gnueabihf/-/rollup-linux-arm-gnueabihf-4.18.0.tgz",
      "integrity": "sha512-s9nC34cQ/s4h/jPv9R2vHUpEwD9hYxSj4pZ2hPEXNCdOFx/U8kPBRhQk7HhTnP6BfJ3v25w7oOqfQSAZAg==",
      "cpu": [
        "arm"
      ],
      "dev": true,
      "optional": true,
      "os": [
        "linux"
      ],
      "engines": {
        "node": ">=18.0.0"
      }
    },
    "node_modules/@rollup/rollup-linux-arm-musleabihf": {
      "version": "4.18.0",
      "resolved": "https://registry.npmjs.org/@rollup/rollup-linux-arm-musleabihf/-/rollup-linux-arm-musleabihf-4.18.0.tgz",
      "integrity": "sha512-SjK3lH6jF8C0iN+h8D0S2kXyYyI/yv/T2e+M5kY2y3J7j+g0p9y8f3k+i3x4s0l3j2y6d6j3oQ==",
      "cpu": [
        "arm"
      ],
      "dev": true,
      "optional": true,
      "os": [
        "linux"
      ],
      "engines": {
        "node": ">=18.0.0"
      }
    },
    "node_modules/@rollup/rollup-linux-arm64-gnu": {
      "version": "4.18.0",
      "resolved": "https://registry.npmjs.org/@rollup/rollup-linux-arm64-gnu/-/rollup-linux-arm64-gnu-4.18.0.tgz",
      "integrity": "sha512-uG3gP/oR+q8v6pOdUvA+v63k32z2sH/K4XzS+hYn5i8l+aXjRPk51+V/1Gj/fHChOkI4wD58r4ZSQ==",
      "cpu": [
        "arm64"
      ],
      "dev": true,
      "optional": true,
      "os": [
        "linux"
      ],
      "engines": {
        "node": ">=18.0.0"
      }
    },
    "node_modules/@rollup/rollup-linux-arm64-musl": {
      "version": "4.18.0",
      "resolved": "https://registry.npmjs.org/@rollup/rollup-linux-arm64-musl/-/rollup-linux-arm64-musl-4.18.0.tgz",
      "integrity": "sha512-aM4bEw8b3YJ+4QoO0k+m9yQd04VvLdOW3pXgYgT9fs3A/N0yTI2p8jP1+s4vGk2yJkP1mYxGj2E/JA==",
      "cpu": [
        "arm64"
      ],
      "dev": true,
      "optional": true,
      "os": [
        "linux"
      ],
      "engines": {
        "node": ">=18.0.0"
      }
    },
    "node_modules/@rollup/rollup-linux-loongarch64-gnu": {
      "version": "4.18.0",
      "resolved": "https://registry.npmjs.org/@rollup/rollup-linux-loongarch64-gnu/-/rollup-linux-loongarch64-gnu-4.18.0.tgz",
      "integrity": "sha512-a1gJ28aYq/P+4Tq4Tbnq2E+cAXh3o5Yk+3E/e0Q4Xy4Jz6xYjEnyzM24fT/KkI8d+tJ5mK118nJpA==",
      "cpu": [
        "loong64"
      ],
      "dev": true,
      "optional": true,
      "os": [
        "linux"
      ],
      "engines": {
        "node": ">=18.0.0"
      }
    },
    "node_modules/@rollup/rollup-linux-ppc64-gnu": {
      "version": "4.18.0",
      "resolved": "https://registry.npmjs.org/@rollup/rollup-linux-ppc64-gnu/-/rollup-linux-ppc64-gnu-4.18.0.tgz",
      "integrity": "sha512-Z54d63tL2A4T+V4XJ90w/59g0oO2K/bQp+K+w4sX2zvi3Wq/eH8gR+2C0x/n8pE4Pz/rCq0j9zM3A==",
      "cpu": [
        "ppc64"
      ],
      "dev": true,
      "optional": true,
      "os": [
        "linux"
      ],
      "engines": {
        "node": ">=18.0.0"
      }
    },
    "node_modules/@rollup/rollup-linux-riscv64-gnu": {
      "version": "4.18.0",
      "resolved": "https://registry.npmjs.org/@rollup/rollup-linux-riscv64-gnu/-/rollup-linux-riscv64-gnu-4.18.0.tgz",
      "integrity": "sha512-SjK3lH6jF8C0iN+h8D0S2kXyYyI/yv/T2e+M5kY2y3J7j+g0p9y8f3k+i3x4s0l3j2y6d6j3oQ==",
      "cpu": [
        "riscv64"
      ],
      "dev": true,
      "optional": true,
      "os": [
        "linux"
      ],
      "engines": {
        "node": ">=18.0.0"
      }
    },
    "node_modules/@rollup/rollup-linux-riscv64-musl": {
      "version": "4.18.0",
      "resolved": "https://registry.npmjs.org/@rollup/rollup-linux-riscv64-musl/-/rollup-linux-riscv64-musl-4.18.0.tgz",
      "integrity": "sha512-I5d122yPzPqhtg+xcZzexbFp7tfrt1pL8DNDS075L+dHFVo+Tj3a+sRjYpX+2WbC6GchzNAn2WJkFpQfKg==",
      "cpu": [
        "riscv64"
      ],
      "dev": true,
      "optional": true,
      "os": [
        "linux"
      ],
      "engines": {
        "node": ">=18.0.0"
      }
    },
    "node_modules/@rollup/rollup-linux-s390x-gnu": {
      "version": "4.18.0",
      "resolved": "https://registry.npmjs.org/@rollup/rollup-linux-s390x-gnu/-/rollup-linux-s390x-gnu-4.18.0.tgz",
      "integrity": "sha512-LNY/YgJc5iCcpzIuT28Y66G3xT2S4sK/K81l/iDGbC/0k5jUqqtk+Y2pIJVxGf/pU4tG5pAlhZ0f6A==",
      "cpu": [
        "s390x"
      ],
      "dev": true,
      "optional": true,
      "os": [
        "linux"
      ],
      "engines": {
        "node": ">=18.0.0"
      }
    },
    "node_modules/@rollup/rollup-linux-x64-gnu": {
      "version": "4.18.0",
      "resolved": "https://registry.npmjs.org/@rollup/rollup-linux-x64-gnu/-/rollup-linux-x64-gnu-4.18.0.tgz",
      "integrity": "sha512-SjM/cKFVVp5n/ixPjPzPSWMWwFpY0DA95UX1K9iN32pBw2r7wTGDkXZvG32DdVYSA8fPjI3X1C8a13w4Tw==",
      "cpu": [
        "x64"
      ],
      "dev": true,
      "optional": true,
      "os": [
        "linux"
      ],
      "engines": {
        "node": ">=18.0.0"
      }
    },
    "node_modules/@rollup/rollup-linux-x64-musl": {
      "version": "4.18.0",
      "resolved": "https://registry.npmjs.org/@rollup/rollup-linux-x64-musl/-/rollup-linux-x64-musl-4.18.0.tgz",
      "integrity": "sha512-I5d122yPzPqhtg+xcZzexbFp7tfrt1pL8DNDS075L+dHFVo+Tj3a+sRjYpX+2WbC6GchzNAn2WJkFpQfKg==",
      "cpu": [
        "x64"
      ],
      "dev": true,
      "optional": true,
      "os": [
        "linux"
      ],
      "engines": {
        "node": ">=18.0.0"
      }
    },
    "node_modules/@rollup/rollup-win32-arm64-msvc": {
      "version": "4.18.0",
      "resolved": "https://registry.npmjs.org/@rollup/rollup-win32-arm64-msvc/-/rollup-win32-arm64-msvc-4.18.0.tgz",
      "integrity": "sha512-Z54d63tL2A4T+V4XJ90w/59g0oO2K/bQp+K+w4sX2zvi3Wq/eH8gR+2C0x/n8pE4Pz/rCq0j9zM3A==",
      "cpu": [
        "arm64"
      ],
      "dev": true,
      "optional": true,
      "os": [
        "win32"
      ],
      "engines": {
        "node": ">=18.0.0"
      }
    },
    "node_modules/@rollup/rollup-win32-ia32-msvc": {
      "version": "4.18.0",
      "resolved": "https://registry.npmjs.org/@rollup/rollup-win32-ia32-msvc/-/rollup-win32-ia32-msvc-4.18.0.tgz",
      "integrity": "sha512-g2aX1qQ5tqI2rC7yA9GgHqpI/cR/8F/x0C6A+JspX05YxzyoPZt1o32iFjdV7Y382KGF29W0E9r2oA==",
      "cpu": [
        "ia32"
      ],
      "dev": true,
      "optional": true,
      "os": [
        "win32"
      ],
      "engines": {
        "node": ">=18.0.0"
      }
    },
    "node_modules/@rollup/rollup-win32-x64-msvc": {
      "version": "4.18.0",
      "resolved": "https://registry.npmjs.org/@rollup/rollup-win32-x64-msvc/-/rollup-win32-x64-msvc-4.18.0.tgz",
      "integrity": "sha512-eH9K+pX1Wn3Lh2D1YV4tWgY+p8g8C2cQzJvY9FjMmT5k21Jv1WdM6q293Ww27yO37zT7a7d+8u8R7Q==",
      "cpu": [
        "x64"
      ],
      "dev": true,
      "optional": true,
      "os": [
        "win32"
      ],
      "engines": {
        "node": ">=18.0.0"
      }
    },
    "node_modules/@tauri-apps/api": {
      "version": "1.6.0",
      "resolved": "https://registry.npmjs.org/@tauri-apps/api/-/api-1.6.0.tgz",
      "integrity": "sha512-Y1M0dg5ACR7Uj4pUeYEVzDq72vhoR3fR65pZ8dD/o2+vD5J2g2I0Z+b4aK9u7s8V6yW7eR8i3oT1w==",
      "optionalDependencies": {
        "@tauri-apps/cli": "^1.5.14"
      }
    },
    "node_modules/@tauri-apps/cli": {
      "version": "1.6.0",
      "resolved": "https://registry.npmjs.org/@tauri-apps/cli/-/cli-1.6.0.tgz",
      "integrity": "sha512-v4/7s4Gk2tH30sTtUhQ0d4YkUzYyxtkaBrQJz4jcoCgUAkDRbb1yHjGUD3Dct2nUaMblzxV0mM5cWJSHhYGLwg==",
      "dev": true,
      "hasInstallScript": true,
      "bin": {
        "tauri": "tauri.js"
      }
    },
    "node_modules/@types/crypto-js": {
      "version": "4.2.2",
      "resolved": "https://registry.npmjs.org/@types/crypto-js/-/crypto-js-4.2.2.tgz",
      "integrity": "sha512-sTjSuS7D942jVwOQ6//1vA+k4h99zEDO+025f385J02Xv52b5K3k7/w73I4/ts+6INM/a/32G23Nkex0w==",
      "dev": true
    },
    "node_modules/@types/dompurify": {
      "version": "3.0.5",
      "resolved": "https://registry.npmjs.org/@types/dompurify/-/dompurify-3.0.5.tgz",
      "integrity": "sha512-3/16iZ4m32JS5gpj4RUy0w42a8b3684i984P32b8hQd/g44e054Z6GNv/wKE1Z7+5nPOKOKt4g/8g==",
      "dev": true
    },
    "node_modules/@types/estree": {
      "version": "1.0.5",
      "resolved": "https://registry.npmjs.org/@types/estree/-/estree-1.0.5.tgz",
      "integrity": "sha512-CRhJ23x3dYV9lt2kIvGYtQxQokzsdt83g46k2Et22b+3/cKzB483jMyw1n4yT2L19cPnEhcPcN3A3wWk2YQcQ==",
      "dev": true
    },
    "node_modules/@types/prop-types": {
      "version": "15.7.12",
      "resolved": "https://registry.npmjs.org/@types/prop-types/-/prop-types-15.7.12.tgz",
      "integrity": "sha512-5zvhXYS3icfN1wkdM6vqsQVEi65r/K2Xqg4jM9pUBv82r48-PVcr4u+Jd/pIZ3I43OftMFR1SNIv7lOwG3bK8g==",
      "dev": true
    },
    "node_modules/@types/react": {
      "version": "18.3.3",
      "resolved": "https://registry.npmjs.org/@types/react/-/react-18.3.3.tgz",
      "integrity": "sha512-hti/R0pS0q1/cpxYX/emhFycuj3B620v+Z++tD4P0nOGFh4G6IqXDStQK2+3i2aF25e2dRFBB5+3p3I22Inp+A==",
      "dev": true,
      "dependencies": {
        "@types/prop-types": "*",
        "csstype": "^3.0.2"
      }
    },
    "node_modules/@types/react-dom": {
      "version": "18.3.0",
      "resolved": "https://registry.npmjs.org/@types/react-dom/-/react-dom-18.3.0.tgz",
      "integrity": "sha512-EhwApuTmMBm4C5Na2K1Tz24NAoi0o3WkW12eM0mQ6H/Ychj1ZZavUnz332n22108112hP4/7QdM9+6v6Qf3yA==",
      "dev": true,
      "dependencies": {
        "@types/react": "*"
      }
    },
    "node_modules/crypto-js": {
      "version": "4.2.0",
      "resolved": "https://registry.npmjs.org/crypto-js/-/crypto-js-4.2.0.tgz",
      "integrity": "sha512-KALDyEYgpY+Rlob/K0CUt5/zchUnZboCEJLFp/aXcM8tXGf2A2A0FSAhekr0imVNyeyRKIeB13aPj9OKw4SEg=="
    },
    "node_modules/csstype": {
      "version": "3.1.3",
      "resolved": "https://registry.npmjs.org/csstype/-/csstype-3.1.3.tgz",
      "integrity": "sha512-M1uQkMl8rQK/szD0LNhtcw/O4s+rGIEVvLu4D9z9JoEbT+N7J8J0SPYACR1V05RTlG32SRuyTB+urEyCwzsfzA==",
      "dev": true
    },
    "node_modules/dompurify": {
      "version": "3.1.5",
      "resolved": "https://registry.npmjs.org/dompurify/-/dompurify-3.1.5.tgz",
      "integrity": "sha512-VcS5WH6o3AODwK8j1e/tl4i/sQ0s3ff/G7pFRHi5b9+iTAToK8c1pRIGjVvM4Pq4i+c52doNenBdnk2Ym2mM/g=="
    },
    "node_modules/esbuild": {
      "version": "0.21.5",
      "resolved": "https://registry.npmjs.org/esbuild/-/esbuild-0.21.5.tgz",
      "integrity": "sha512-w7x5i21Pz21PULj8C8f3GBlp5z8VTaeu22t5/X69a+g3bDsP1w53xR21kIUUDEkQyPglQWzWk2kYf4329g==",
      "dev": true,
      "hasInstallScript": true,
      "bin": {
        "esbuild": "bin/esbuild"
      },
      "engines": {
        "node": ">=12"
      },
      "optionalDependencies": {
        "@esbuild/aix-ppc64": "0.21.5",
        "@esbuild/android-arm": "0.21.5",
        "@esbuild/android-arm64": "0.21.5",
        "@esbuild/android-x64": "0.21.5",
        "@esbuild/darwin-arm64": "0.21.5",
        "@esbuild/darwin-x64": "0.21.5",
        "@esbuild/freebsd-arm64": "0.21.5",
        "@esbuild/freebsd-x64": "0.21.5",
        "@esbuild/linux-arm": "0.21.5",
        "@esbuild/linux-arm64": "0.21.5",
        "@esbuild/linux-ia32": "0.21.5",
        "@esbuild/linux-loong64": "0.21.5",
        "@esbuild/linux-mips64el": "0.21.5",
        "@esbuild/linux-ppc64": "0.21.5",
        "@esbuild/linux-riscv64": "0.21.5",
        "@esbuild/linux-s390x": "0.21.5",
        "@esbuild/linux-x64": "0.21.5",
        "@esbuild/netbsd-x64": "0.21.5",
        "@esbuild/openbsd-x64": "0.21.5",
        "@esbuild/sunos-x64": "0.21.5",
        "@esbuild/win32-arm64": "0.21.5",
        "@esbuild/win32-ia32": "0.21.5",
        "@esbuild/win32-x64": "0.21.5"
      }
    },
    "node_modules/fast-deep-equal": {
      "version": "3.1.3",
      "resolved": "https://registry.npmjs.org/fast-deep-equal/-/fast-deep-equal-3.1.3.tgz",
      "integrity": "sha512-f3qQ9oQy9j2AhBe/H93q9BEWP0SK2ZcA8bM6UBN3mFwE09DqL7/qb3PS05HT5hAGoMWzCveBvt91LbwsZtht2w=="
    },
    "node_modules/fsevents": {
      "version": "2.3.3",
      "resolved": "https://registry.npmjs.org/fsevents/-/fsevents-2.3.3.tgz",
      "integrity": "sha512-5rrqanwR3wZvHFsOJeBioZFRr5V66f0B4qpaJRAxOPaGq46AZd1FFOGfs7zT0iClabZbKABS6zBYyt65JS2Hwg==",
      "cpu": [
        "x64",
        "arm64"
      ],
      "dev": true,
      "optional": true,
      "os": [
        "darwin"
      ],
      "engines": {
        "node": "^8.16.0 || ^10.6.0 || >=11.0.0"
      }
    },
    "node_modules/idb-keyval": {
      "version": "6.2.1",
      "resolved": "https://registry.npmjs.org/idb-keyval/-/idb-keyval-6.2.1.tgz",
      "integrity": "sha512-8q2bM2NiCg3zM0oVjSZ3/8KXaE8w5D1f9eGy1n2Z2y4oUv23k2r7F+Zc3fL3Trc1P20TjK+jRpoh2up2a0wQ=="
    },
    "node_modules/js-tokens": {
      "version": "4.0.0",
      "resolved": "https://registry.npmjs.org/js-tokens/-/js-tokens-4.0.0.tgz",
      "integrity": "sha512-RdJUflcE3cUzKiMqQgsCu06FPu9UdIJO0beYbPhHN4k6apgJtifcoCtT9bcxOpYBtpD2kCM6Sbzg4CausW/PKQ=="
    },
    "node_modules/lightweight-charts": {
      "version": "4.1.3",
      "resolved": "https://registry.npmjs.org/lightweight-charts/-/lightweight-charts-4.1.3.tgz",
      "integrity": "sha512-Y3UQPQw1s+sI2t1Ruxg4a+9s8YJpDjqjQ66rFUBT7Afq1Z71W3iA/1I1eZf721X903pPzX/0iV84g++w1YxUvA=="
    },
    "node_modules/loose-envify": {
      "version": "1.4.0",
      "resolved": "https://registry.npmjs.org/loose-envify/-/loose-envify-1.4.0.tgz",
      "integrity": "sha512-lyuxPGr/Wfhrlem2CL/UcnUc1zcqKAImBDzukY7Y5F/yQiNdko6+fRLevlw1HgMySw7f611UIY408EtxRSoK3Q==",
      "dependencies": {
        "js-tokens": "^3.0.0 || ^4.0.0"
      },
      "bin": {
        "loose-envify": "cli.js"
      }
    },
    "node_modules/marked": {
      "version": "16.1.1",
      "resolved": "https://registry.npmjs.org/marked/-/marked-16.1.1.tgz",
      "integrity": "sha512-7kP2T6j85hC43w4uXgUoU9S+Fw2I4GLpP1jB709nB41eF+t+G1y5x3/D5oVn2M8+aN8h+Qd+QZb5k2g==",
      "bin": {
        "marked": "bin/marked.js"
      },
      "engines": {
        "node": ">= 18"
      }
    },
    "node_modules/nanoid": {
      "version": "3.3.7",
      "resolved": "https://registry.npmjs.org/nanoid/-/nanoid-3.3.7.tgz",
      "integrity": "sha512-eSRppjcPIat8EXwGEJRYXBCDSSNTDLglA1/2mO34iPYFiVcFdG1/wglCa2G2gC24a1aRz11wZ1/4Hh3VmS/L+Q==",
      "dev": true,
      "funding": [
        {
          "type": "github",
          "url": "https://github.com/sponsors/ai"
        }
      ],
      "bin": {
        "nanoid": "bin/nanoid.js"
      },
      "engines": {
        "node": "^10 || ^12 || ^13.7 || ^14 || >=15.0.1"
      }
    },
    "node_modules/picocolors": {
      "version": "1.0.1",
      "resolved": "https://registry.npmjs.org/picocolors/-/picocolors-1.0.1.tgz",
      "integrity": "sha512-anK9o2KCDmUW6iMRARG25KywH75GH52/35LGIb8H2w8p1YgTBrkGP95WwS2pQY1klPPMkM1uM22tXg9kV/sZBA==",
      "dev": true
    },
    "node_modules/postcss": {
      "version": "8.4.39",
      "resolved": "https://registry.npmjs.org/postcss/-/postcss-8.4.39.tgz",
      "integrity": "sha512-y2Jp234y5i1xf2Qd6s2gX3eZ2zQYpAExc3I/j6eAGDb2k+g24EHePj12JTWoYQcc4T3IdS2s2A5C9j4x4r2pA==",
      "dev": true,
      "funding": [
        {
          "type": "opencollective",
          "url": "https://opencollective.com/postcss/"
        },
        {
          "type": "github",
          "url": "https://github.com/sponsors/ai"
        }
      ],
      "dependencies": {
        "nanoid": "^3.3.7",
        "picocolors": "^1.0.1",
        "source-map-js": "^1.2.0"
      },
      "engines": {
        "node": "^12.0 || ^14.0 || >=16.0"
      }
    },
    "node_modules/react": {
      "version": "18.3.1",
      "resolved": "https://registry.npmjs.org/react/-/react-18.3.1.tgz",
      "integrity": "sha512-wS+hAgJShR0KhEv7A+S7m1gD12lwED7abkDy/6C+sNs4bFJGaaInmGQndSl1nHHZGUrGIElBEoI9b2yu8/Uqxw==",
      "dependencies": {
        "loose-envify": "^1.1.0"
      },
      "engines": {
        "node": ">=0.10.0"
      }
    },
    "node_modules/react-dom": {
      "version": "18.3.1",
      "resolved": "https://registry.npmjs.org/react-dom/-/react-dom-18.3.1.tgz",
      "integrity": "sha512-5m4nQKp+rZBfU3OJ5AUd1r32s+sKennedyvXnsDcYTCGvfLGK1J3PS/YmV1H/35i36fxub30VGp+S2lyeP24g0g==",
      "dependencies": {
        "loose-envify": "^1.1.0",
        "scheduler": "^0.23.2"
      },
      "peerDependencies": {
        "react": "^18.3.1"
      }
    },
    "node_modules/recharts": {
      "version": "2.12.7",
      "resolved": "https://registry.npmjs.org/recharts/-/recharts-2.12.7.tgz",
      "integrity": "sha512-tFvUfQ54Yn5/3pZpG1fNfCczhg2+kY8yU/d3+Ykzd+9b3f3wPAo2aQBY5nDNb6p4oQj/063f5Q6E/Q4/yQ==",
      "dependencies": {
        "fast-deep-equal": "^3.1.3",
        "recharts-scale": "^0.5.0",
        "tiny-invariant": "^1.3.1",
        "victory-vendor": "^36.6.11"
      },
      "peerDependencies": {
        "react": ">=16.0.0",
        "react-dom": ">=16.0.0"
      }
    },
    "node_modules/recharts-scale": {
      "version": "0.5.0",
      "resolved": "https://registry.npmjs.org/recharts-scale/-/recharts-scale-0.5.0.tgz",
      "integrity": "sha512-K7NfQy8+Ym51oM1LByI1aTGPWl7hY+fQZ1HhTmu0lYwNSFjSR+n3VMv4WDuuS8v6jDczl/l2IeB+U9wB6XfBw=="
    },
    "node_modules/rollup": {
      "version": "4.18.0",
      "resolved": "https://registry.npmjs.org/rollup/-/rollup-4.18.0.tgz",
      "integrity": "sha512-32qg23y25s9j5j82Tvtc6+8Pz4s2hVAu227d8qSE2hK5bS5/2xb4S2pii2p4H2c4J4+sFmA2m5nAdz3bng==",
      "dev": true,
      "bin": {
        "rollup": "dist/bin/rollup"
      },
      "engines": {
        "node": ">=18.0.0",
        "npm": ">=8.0.0"
      },
      "funding": {
        "type": "opencollective",
        "url": "https://opencollective.com/rollup"
      },
      "optionalDependencies": {
        "@rollup/rollup-android-arm-eabi": "4.18.0",
        "@rollup/rollup-android-arm64": "4.18.0",
        "@rollup/rollup-darwin-arm64": "4.18.0",
        "@rollup/rollup-darwin-x64": "4.18.0",
        "@rollup/rollup-freebsd-arm64": "4.18.0",
        "@rollup/rollup-freebsd-x64": "4.18.0",
        "@rollup/rollup-linux-arm-gnueabihf": "4.18.0",
        "@rollup/rollup-linux-arm-musleabihf": "4.18.0",
        "@rollup/rollup-linux-arm64-gnu": "4.18.0",
        "@rollup/rollup-linux-arm64-musl": "4.18.0",
        "@rollup/rollup-linux-loongarch64-gnu": "4.18.0",
        "@rollup/rollup-linux-ppc64-gnu": "4.18.0",
        "@rollup/rollup-linux-riscv64-gnu": "4.18.0",
        "@rollup/rollup-linux-riscv64-musl": "4.18.0",
        "@rollup/rollup-linux-s390x-gnu": "4.18.0",
        "@rollup/rollup-linux-x64-gnu": "4.18.0",
        "@rollup/rollup-linux-x64-musl": "4.18.0",
        "@rollup/rollup-win32-arm64-msvc": "4.18.0",
        "@rollup/rollup-win32-ia32-msvc": "4.18.0",
        "@rollup/rollup-win32-x64-msvc": "4.18.0",
        "fsevents": "~2.3.2"
      }
    },
    "node_modules/scheduler": {
      "version": "0.23.2",
      "resolved": "https://registry.npmjs.org/scheduler/-/scheduler-0.23.2.tgz",
      "integrity": "sha512-E3UuasP+na2p+a2BuNLk25i2c2s28a+wY3375X/u/4s6p7T3D2o8DP2aBw5a550QkUqfA4I02H0s3b/gQ==",
      "dependencies": {
        "loose-envify": "^1.1.0"
      }
    },
    "node_modules/source-map-js": {
      "version": "1.2.0",
      "resolved": "https://registry.npmjs.org/source-map-js/-/source-map-js-1.2.0.tgz",
      "integrity": "sha512-itJW8lvSA0imC4dEw42d2hPIjQyoPa1ad7A2bIKXo6a6x073sy6j6O1oR0F2TbyM34e2s2RFA5gU3e69Vp51Mw==",
      "dev": true,
      "engines": {
        "node": ">=0.10.0"
      }
    },
    "node_modules/tiny-invariant": {
      "version": "1.3.3",
      "resolved": "https://registry.npmjs.org/tiny-invariant/-/tiny-invariant-1.3.3.tgz",
      "integrity": "sha512-1QlwYwWz+I+YEA6e6r58p0bGJw05B5QnsSH5f/kLqgEVeo9/wIyJFEpvzlO74+aY859fL+PA7s2I4oE0Z3Z+VQ=="
    },
    "node_modules/typescript": {
      "version": "5.5.3",
      "resolved": "https://registry.npmjs.org/typescript/-/typescript-5.5.3.tgz",
      "integrity": "sha512-Pts3s4P4OKd/xN+pROdyK+w7w3dwe0scg4s1d0I3h+WW3A36A/IkjG32w23bTwIv9H9R0s2bL2IZP+5vBIIFvQ==",
      "dev": true,
      "bin": {
        "tsc": "bin/tsc",
        "tsserver": "bin/tsserver"
      },
      "engines": {
        "node": ">=14.17"
      }
    },
    "node_modules/use-sync-external-store": {
      "version": "1.2.0",
      "resolved": "https://registry.npmjs.org/use-sync-external-store/-/use-sync-external-store-1.2.0.tgz",
      "integrity": "sha512-e376SSJWtr3e7T33V64f1g4I21Hk5b1b4T/f2hm2/G3WhItD5KteBB2k8bnn3r2g6W1a1dY1s7yquM0bAFjhoA==",
      "peerDependencies": {
        "react": "^16.8.0 || ^17.0.0 || ^18.0.0"
      }
    },
    "node_modules/victory-vendor": {
      "version": "36.6.11",
      "resolved": "https://registry.npmjs.org/victory-vendor/-/victory-vendor-36.6.11.tgz",
      "integrity": "sha512-aMGrNp/9hWv4/YvGUSpA02w8gylhM2/Gv10i2oBsmqg3r/m2O3Y0L652/359pFTa5uXJk/wI00dZ0e14+w=="
    },
    "node_modules/vite": {
      "version": "5.3.3",
      "resolved": "https://registry.npmjs.org/vite/-/vite-5.3.3.tgz",
      "integrity": "sha512-iM1xACe23+2VGrFj1e0s3uK4roA84l5xBpH9BxtI6t5h111UWN22P8WzXvHmyk+gB9y8220iVTk8UuPqw2u+g==",
      "dev": true,
      "dependencies": {
        "esbuild": "^0.21.3",
        "postcss": "^8.4.38",
        "rollup": "^4.18.0"
      },
      "bin": {
        "vite": "bin/vite.js"
      },
      "engines": {
        "node": "^18.0.0 || >=20.0.0"
      },
      "funding": {
        "url": "https://github.com/sponsors/yyx990803"
      },
      "optionalDependencies": {
        "fsevents": "~2.3.3"
      },
      "peerDependencies": {
        "@types/node": ">=18.0.0",
        "less": "*",
        "lightningcss": "^1.21.0",
        "sass": "*",
        "stylus": "*",
        "sugarss": "*",
        "terser": "^5.4.0"
      },
      "peerDependenciesMeta": {
        "@types/node": {
          "optional": true
        },
        "less": {
          "optional": true
        },
        "lightningcss": {
          "optional": true
        },
        "sass": {
          "optional": true
        },
        "stylus": {
          "optional": true
        },
        "sugarss": {
          "optional": true
        },
        "terser": {
          "optional": true
        }
      }
    },
    "node_modules/zustand": {
      "version": "4.5.4",
      "resolved": "https://registry.npmjs.org/zustand/-/zustand-4.5.4.tgz",
      "integrity": "sha512-0Xq2wJg6P1nL6wBfV4PXd22x+4kv4o0pXp3zzrAaC2OGo9w25d4L3I/If2E7aC/Y6c3y1sB4d2aW7fK0+g5A==",
      "dependencies": {
        "use-sync-external-store": "^1.2.0"
      },
      "funding": [
        {
          "type": "github",
          "url": "https://github.com/sponsors/dai-shi"
        }
      ],
      "peerDependencies": {
        "react": "^16.8.0 || ^17.0.0 || ^18.0.0"
      }
    }
  }
}